
Microsoft Visual Studio Solution File, Format Version 12.00
# Visual Studio Version 17
VisualStudioVersion = 17.2.32616.157
MinimumVisualStudioVersion = 10.0.40219.1
Project("{9A19103F-16F7-4668-BE54-9A1E7A4F7556}") = "ParkingAPI", "ParkingWebAPI\ParkingAPI.csproj", "{36DF3175-0775-44CC-8708-5B67F2ED70FE}"
EndProject
Project("{FAE04EC0-301F-11D3-BF4B-00C04F79EFBC}") = "ParkingAPILibrary", "ParkingAPILibrary\ParkingAPILibrary.csproj", "{0F4E0B5D-2A1F-4B05-9F11-12BC437D740F}"
EndProject
Global
	GlobalSection(SolutionConfigurationPlatforms) = preSolution
		Debug|Any CPU = Debug|Any CPU
		Release|Any CPU = Release|Any CPU
	EndGlobalSection
	GlobalSection(ProjectConfigurationPlatforms) = postSolution
		{36DF3175-0775-44CC-8708-5B67F2ED70FE}.Debug|Any CPU.ActiveCfg = Debug|Any CPU
		{36DF3175-0775-44CC-8708-5B67F2ED70FE}.Debug|Any CPU.Build.0 = Debug|Any CPU
		{36DF3175-0775-44CC-8708-5B67F2ED70FE}.Release|Any CPU.ActiveCfg = Release|Any CPU
		{36DF3175-0775-44CC-8708-5B67F2ED70FE}.Release|Any CPU.Build.0 = Release|Any CPU
		{0F4E0B5D-2A1F-4B05-9F11-12BC437D740F}.Debug|Any CPU.ActiveCfg = Debug|Any CPU
		{0F4E0B5D-2A1F-4B05-9F11-12BC437D740F}.Debug|Any CPU.Build.0 = Debug|Any CPU
		{0F4E0B5D-2A1F-4B05-9F11-12BC437D740F}.Release|Any CPU.ActiveCfg = Release|Any CPU
		{0F4E0B5D-2A1F-4B05-9F11-12BC437D740F}.Release|Any CPU.Build.0 = Release|Any CPU
	EndGlobalSection
	GlobalSection(SolutionProperties) = preSolution
		HideSolutionNode = FALSE
	EndGlobalSection
	GlobalSection(ExtensibilityGlobals) = postSolution
		SolutionGuid = {FFE92053-3580-432E-981F-30657B3AF39A}
	EndGlobalSection
EndGlobal
